
Microsoft Visual Studio Solution File, Format Version 12.00
# Visual Studio Version 17
VisualStudioVersion = 17.0.31903.59
MinimumVisualStudioVersion = 10.0.40219.1
Project("{2150E333-8FDC-42A3-9474-1A3956D46DE8}") = "UserManagement", "UserManagement", "{4874363B-41F0-4147-9085-E4034DE68B54}"
EndProject
Project("{FAE04EC0-301F-11D3-BF4B-00C04F79EFBC}") = "UserManagement.API", "UserManagement\UserManagement.API\UserManagement.API.csproj", "{8A9D5A59-66EC-4CF1-9616-66E61178A706}"
EndProject
Project("{FAE04EC0-301F-11D3-BF4B-00C04F79EFBC}") = "UserManagement.Application", "UserManagement\UserManagement.Application\UserManagement.Application.csproj", "{ADF9FBBB-6E11-4CE8-98A1-03130C006260}"
EndProject
Project("{FAE04EC0-301F-11D3-BF4B-00C04F79EFBC}") = "UserManagement.Domain", "UserManagement\UserManagement.Domain\UserManagement.Domain.csproj", "{BF4DFC99-901C-4289-A307-B455C61CCD76}"
EndProject
Project("{FAE04EC0-301F-11D3-BF4B-00C04F79EFBC}") = "UserManagement.Infrastructure", "UserManagement\UserManagement.Infrastructure\UserManagement.Infrastructure.csproj", "{A3AFE25D-4B39-4E1F-ACE9-C0622AEEA102}"
EndProject
Project("{2150E333-8FDC-42A3-9474-1A3956D46DE8}") = "SchoolClass", "SchoolClass", "{52B7B371-D45F-421B-DC63-AF9CE5C0D604}"
EndProject
Project("{FAE04EC0-301F-11D3-BF4B-00C04F79EFBC}") = "SchoolClass.API", "SchoolClass\SchoolClass.API\SchoolClass.API.csproj", "{82B7A51C-841C-4A4B-8378-EB89F75D3539}"
EndProject
Project("{FAE04EC0-301F-11D3-BF4B-00C04F79EFBC}") = "SchoolClass.Application", "SchoolClass\SchoolClass.Application\SchoolClass.Application.csproj", "{ED86D5BE-2288-48B3-A71B-9E3C1E2AD5AF}"
EndProject
Project("{FAE04EC0-301F-11D3-BF4B-00C04F79EFBC}") = "SchoolClass.Domain", "SchoolClass\SchoolClass.Domain\SchoolClass.Domain.csproj", "{76E9B6FF-89CA-4ED2-A953-804F693F5E85}"
EndProject
Project("{FAE04EC0-301F-11D3-BF4B-00C04F79EFBC}") = "SchoolClass.Infrastructure", "SchoolClass\SchoolClass.Infrastructure\SchoolClass.Infrastructure.csproj", "{CCA8286D-9189-40A5-BD8E-6CFC0B0C607F}"
EndProject
Global
	GlobalSection(SolutionConfigurationPlatforms) = preSolution
		Debug|Any CPU = Debug|Any CPU
		Debug|x64 = Debug|x64
		Debug|x86 = Debug|x86
		Release|Any CPU = Release|Any CPU
		Release|x64 = Release|x64
		Release|x86 = Release|x86
	EndGlobalSection
	GlobalSection(ProjectConfigurationPlatforms) = postSolution
		{8A9D5A59-66EC-4CF1-9616-66E61178A706}.Debug|Any CPU.ActiveCfg = Debug|Any CPU
		{8A9D5A59-66EC-4CF1-9616-66E61178A706}.Debug|Any CPU.Build.0 = Debug|Any CPU
		{8A9D5A59-66EC-4CF1-9616-66E61178A706}.Debug|x64.ActiveCfg = Debug|Any CPU
		{8A9D5A59-66EC-4CF1-9616-66E61178A706}.Debug|x64.Build.0 = Debug|Any CPU
		{8A9D5A59-66EC-4CF1-9616-66E61178A706}.Debug|x86.ActiveCfg = Debug|Any CPU
		{8A9D5A59-66EC-4CF1-9616-66E61178A706}.Debug|x86.Build.0 = Debug|Any CPU
		{8A9D5A59-66EC-4CF1-9616-66E61178A706}.Release|Any CPU.ActiveCfg = Release|Any CPU
		{8A9D5A59-66EC-4CF1-9616-66E61178A706}.Release|Any CPU.Build.0 = Release|Any CPU
		{8A9D5A59-66EC-4CF1-9616-66E61178A706}.Release|x64.ActiveCfg = Release|Any CPU
		{8A9D5A59-66EC-4CF1-9616-66E61178A706}.Release|x64.Build.0 = Release|Any CPU
		{8A9D5A59-66EC-4CF1-9616-66E61178A706}.Release|x86.ActiveCfg = Release|Any CPU
		{8A9D5A59-66EC-4CF1-9616-66E61178A706}.Release|x86.Build.0 = Release|Any CPU
		{ADF9FBBB-6E11-4CE8-98A1-03130C006260}.Debug|Any CPU.ActiveCfg = Debug|Any CPU
		{ADF9FBBB-6E11-4CE8-98A1-03130C006260}.Debug|Any CPU.Build.0 = Debug|Any CPU
		{ADF9FBBB-6E11-4CE8-98A1-03130C006260}.Debug|x64.ActiveCfg = Debug|Any CPU
		{ADF9FBBB-6E11-4CE8-98A1-03130C006260}.Debug|x64.Build.0 = Debug|Any CPU
		{ADF9FBBB-6E11-4CE8-98A1-03130C006260}.Debug|x86.ActiveCfg = Debug|Any CPU
		{ADF9FBBB-6E11-4CE8-98A1-03130C006260}.Debug|x86.Build.0 = Debug|Any CPU
		{ADF9FBBB-6E11-4CE8-98A1-03130C006260}.Release|Any CPU.ActiveCfg = Release|Any CPU
		{ADF9FBBB-6E11-4CE8-98A1-03130C006260}.Release|Any CPU.Build.0 = Release|Any CPU
		{ADF9FBBB-6E11-4CE8-98A1-03130C006260}.Release|x64.ActiveCfg = Release|Any CPU
		{ADF9FBBB-6E11-4CE8-98A1-03130C006260}.Release|x64.Build.0 = Release|Any CPU
		{ADF9FBBB-6E11-4CE8-98A1-03130C006260}.Release|x86.ActiveCfg = Release|Any CPU
		{ADF9FBBB-6E11-4CE8-98A1-03130C006260}.Release|x86.Build.0 = Release|Any CPU
		{BF4DFC99-901C-4289-A307-B455C61CCD76}.Debug|Any CPU.ActiveCfg = Debug|Any CPU
		{BF4DFC99-901C-4289-A307-B455C61CCD76}.Debug|Any CPU.Build.0 = Debug|Any CPU
		{BF4DFC99-901C-4289-A307-B455C61CCD76}.Debug|x64.ActiveCfg = Debug|Any CPU
		{BF4DFC99-901C-4289-A307-B455C61CCD76}.Debug|x64.Build.0 = Debug|Any CPU
		{BF4DFC99-901C-4289-A307-B455C61CCD76}.Debug|x86.ActiveCfg = Debug|Any CPU
		{BF4DFC99-901C-4289-A307-B455C61CCD76}.Debug|x86.Build.0 = Debug|Any CPU
		{BF4DFC99-901C-4289-A307-B455C61CCD76}.Release|Any CPU.ActiveCfg = Release|Any CPU
		{BF4DFC99-901C-4289-A307-B455C61CCD76}.Release|Any CPU.Build.0 = Release|Any CPU
		{BF4DFC99-901C-4289-A307-B455C61CCD76}.Release|x64.ActiveCfg = Release|Any CPU
		{BF4DFC99-901C-4289-A307-B455C61CCD76}.Release|x64.Build.0 = Release|Any CPU
		{BF4DFC99-901C-4289-A307-B455C61CCD76}.Release|x86.ActiveCfg = Release|Any CPU
		{BF4DFC99-901C-4289-A307-B455C61CCD76}.Release|x86.Build.0 = Release|Any CPU
		{A3AFE25D-4B39-4E1F-ACE9-C0622AEEA102}.Debug|Any CPU.ActiveCfg = Debug|Any CPU
		{A3AFE25D-4B39-4E1F-ACE9-C0622AEEA102}.Debug|Any CPU.Build.0 = Debug|Any CPU
		{A3AFE25D-4B39-4E1F-ACE9-C0622AEEA102}.Debug|x64.ActiveCfg = Debug|Any CPU
		{A3AFE25D-4B39-4E1F-ACE9-C0622AEEA102}.Debug|x64.Build.0 = Debug|Any CPU
		{A3AFE25D-4B39-4E1F-ACE9-C0622AEEA102}.Debug|x86.ActiveCfg = Debug|Any CPU
		{A3AFE25D-4B39-4E1F-ACE9-C0622AEEA102}.Debug|x86.Build.0 = Debug|Any CPU
		{A3AFE25D-4B39-4E1F-ACE9-C0622AEEA102}.Release|Any CPU.ActiveCfg = Release|Any CPU
		{A3AFE25D-4B39-4E1F-ACE9-C0622AEEA102}.Release|Any CPU.Build.0 = Release|Any CPU
		{A3AFE25D-4B39-4E1F-ACE9-C0622AEEA102}.Release|x64.ActiveCfg = Release|Any CPU
		{A3AFE25D-4B39-4E1F-ACE9-C0622AEEA102}.Release|x64.Build.0 = Release|Any CPU
		{A3AFE25D-4B39-4E1F-ACE9-C0622AEEA102}.Release|x86.ActiveCfg = Release|Any CPU
		{A3AFE25D-4B39-4E1F-ACE9-C0622AEEA102}.Release|x86.Build.0 = Release|Any CPU
		{82B7A51C-841C-4A4B-8378-EB89F75D3539}.Debug|Any CPU.ActiveCfg = Debug|Any CPU
		{82B7A51C-841C-4A4B-8378-EB89F75D3539}.Debug|Any CPU.Build.0 = Debug|Any CPU
		{82B7A51C-841C-4A4B-8378-EB89F75D3539}.Debug|x64.ActiveCfg = Debug|Any CPU
		{82B7A51C-841C-4A4B-8378-EB89F75D3539}.Debug|x64.Build.0 = Debug|Any CPU
		{82B7A51C-841C-4A4B-8378-EB89F75D3539}.Debug|x86.ActiveCfg = Debug|Any CPU
		{82B7A51C-841C-4A4B-8378-EB89F75D3539}.Debug|x86.Build.0 = Debug|Any CPU
		{82B7A51C-841C-4A4B-8378-EB89F75D3539}.Release|Any CPU.ActiveCfg = Release|Any CPU
		{82B7A51C-841C-4A4B-8378-EB89F75D3539}.Release|Any CPU.Build.0 = Release|Any CPU
		{82B7A51C-841C-4A4B-8378-EB89F75D3539}.Release|x64.ActiveCfg = Release|Any CPU
		{82B7A51C-841C-4A4B-8378-EB89F75D3539}.Release|x64.Build.0 = Release|Any CPU
		{82B7A51C-841C-4A4B-8378-EB89F75D3539}.Release|x86.ActiveCfg = Release|Any CPU
		{82B7A51C-841C-4A4B-8378-EB89F75D3539}.Release|x86.Build.0 = Release|Any CPU
		{ED86D5BE-2288-48B3-A71B-9E3C1E2AD5AF}.Debug|Any CPU.ActiveCfg = Debug|Any CPU
		{ED86D5BE-2288-48B3-A71B-9E3C1E2AD5AF}.Debug|Any CPU.Build.0 = Debug|Any CPU
		{ED86D5BE-2288-48B3-A71B-9E3C1E2AD5AF}.Debug|x64.ActiveCfg = Debug|Any CPU
		{ED86D5BE-2288-48B3-A71B-9E3C1E2AD5AF}.Debug|x64.Build.0 = Debug|Any CPU
		{ED86D5BE-2288-48B3-A71B-9E3C1E2AD5AF}.Debug|x86.ActiveCfg = Debug|Any CPU
		{ED86D5BE-2288-48B3-A71B-9E3C1E2AD5AF}.Debug|x86.Build.0 = Debug|Any CPU
		{ED86D5BE-2288-48B3-A71B-9E3C1E2AD5AF}.Release|Any CPU.ActiveCfg = Release|Any CPU
		{ED86D5BE-2288-48B3-A71B-9E3C1E2AD5AF}.Release|Any CPU.Build.0 = Release|Any CPU
		{ED86D5BE-2288-48B3-A71B-9E3C1E2AD5AF}.Release|x64.ActiveCfg = Release|Any CPU
		{ED86D5BE-2288-48B3-A71B-9E3C1E2AD5AF}.Release|x64.Build.0 = Release|Any CPU
		{ED86D5BE-2288-48B3-A71B-9E3C1E2AD5AF}.Release|x86.ActiveCfg = Release|Any CPU
		{ED86D5BE-2288-48B3-A71B-9E3C1E2AD5AF}.Release|x86.Build.0 = Release|Any CPU
		{76E9B6FF-89CA-4ED2-A953-804F693F5E85}.Debug|Any CPU.ActiveCfg = Debug|Any CPU
		{76E9B6FF-89CA-4ED2-A953-804F693F5E85}.Debug|Any CPU.Build.0 = Debug|Any CPU
		{76E9B6FF-89CA-4ED2-A953-804F693F5E85}.Debug|x64.ActiveCfg = Debug|Any CPU
		{76E9B6FF-89CA-4ED2-A953-804F693F5E85}.Debug|x64.Build.0 = Debug|Any CPU
		{76E9B6FF-89CA-4ED2-A953-804F693F5E85}.Debug|x86.ActiveCfg = Debug|Any CPU
		{76E9B6FF-89CA-4ED2-A953-804F693F5E85}.Debug|x86.Build.0 = Debug|Any CPU
		{76E9B6FF-89CA-4ED2-A953-804F693F5E85}.Release|Any CPU.ActiveCfg = Release|Any CPU
		{76E9B6FF-89CA-4ED2-A953-804F693F5E85}.Release|Any CPU.Build.0 = Release|Any CPU
		{76E9B6FF-89CA-4ED2-A953-804F693F5E85}.Release|x64.ActiveCfg = Release|Any CPU
		{76E9B6FF-89CA-4ED2-A953-804F693F5E85}.Release|x64.Build.0 = Release|Any CPU
		{76E9B6FF-89CA-4ED2-A953-804F693F5E85}.Release|x86.ActiveCfg = Release|Any CPU
		{76E9B6FF-89CA-4ED2-A953-804F693F5E85}.Release|x86.Build.0 = Release|Any CPU
		{CCA8286D-9189-40A5-BD8E-6CFC0B0C607F}.Debug|Any CPU.ActiveCfg = Debug|Any CPU
		{CCA8286D-9189-40A5-BD8E-6CFC0B0C607F}.Debug|Any CPU.Build.0 = Debug|Any CPU
		{CCA8286D-9189-40A5-BD8E-6CFC0B0C607F}.Debug|x64.ActiveCfg = Debug|Any CPU
		{CCA8286D-9189-40A5-BD8E-6CFC0B0C607F}.Debug|x64.Build.0 = Debug|Any CPU
		{CCA8286D-9189-40A5-BD8E-6CFC0B0C607F}.Debug|x86.ActiveCfg = Debug|Any CPU
		{CCA8286D-9189-40A5-BD8E-6CFC0B0C607F}.Debug|x86.Build.0 = Debug|Any CPU
		{CCA8286D-9189-40A5-BD8E-6CFC0B0C607F}.Release|Any CPU.ActiveCfg = Release|Any CPU
		{CCA8286D-9189-40A5-BD8E-6CFC0B0C607F}.Release|Any CPU.Build.0 = Release|Any CPU
		{CCA8286D-9189-40A5-BD8E-6CFC0B0C607F}.Release|x64.ActiveCfg = Release|Any CPU
		{CCA8286D-9189-40A5-BD8E-6CFC0B0C607F}.Release|x64.Build.0 = Release|Any CPU
		{CCA8286D-9189-40A5-BD8E-6CFC0B0C607F}.Release|x86.ActiveCfg = Release|Any CPU
		{CCA8286D-9189-40A5-BD8E-6CFC0B0C607F}.Release|x86.Build.0 = Release|Any CPU
	EndGlobalSection
	GlobalSection(SolutionProperties) = preSolution
		HideSolutionNode = FALSE
	EndGlobalSection
	GlobalSection(NestedProjects) = preSolution
		{8A9D5A59-66EC-4CF1-9616-66E61178A706} = {4874363B-41F0-4147-9085-E4034DE68B54}
		{ADF9FBBB-6E11-4CE8-98A1-03130C006260} = {4874363B-41F0-4147-9085-E4034DE68B54}
		{BF4DFC99-901C-4289-A307-B455C61CCD76} = {4874363B-41F0-4147-9085-E4034DE68B54}
		{A3AFE25D-4B39-4E1F-ACE9-C0622AEEA102} = {4874363B-41F0-4147-9085-E4034DE68B54}
		{82B7A51C-841C-4A4B-8378-EB89F75D3539} = {52B7B371-D45F-421B-DC63-AF9CE5C0D604}
		{ED86D5BE-2288-48B3-A71B-9E3C1E2AD5AF} = {52B7B371-D45F-421B-DC63-AF9CE5C0D604}
		{76E9B6FF-89CA-4ED2-A953-804F693F5E85} = {52B7B371-D45F-421B-DC63-AF9CE5C0D604}
		{CCA8286D-9189-40A5-BD8E-6CFC0B0C607F} = {52B7B371-D45F-421B-DC63-AF9CE5C0D604}
	EndGlobalSection
EndGlobal
